
Microsoft Visual Studio Solution File, Format Version 12.00
# Visual Studio Version 17
VisualStudioVersion = 17.5.002.0
MinimumVisualStudioVersion = 10.0.40219.1
Project("{9A19103F-16F7-4668-BE54-9A1E7A4F7556}") = "WithMinimalAPIs", "WithMinimalAPIs\WithMinimalAPIs.csproj", "{420DCE41-408B-4236-BB76-14369E0A40E5}"
EndProject
Project("{9A19103F-16F7-4668-BE54-9A1E7A4F7556}") = "WithControllers", "WithControllers\WithControllers.csproj", "{3D19A24F-3E50-4D27-9276-C6A1EE15B2BD}"
EndProject
Global
	GlobalSection(SolutionConfigurationPlatforms) = preSolution
		Debug|Any CPU = Debug|Any CPU
		Release|Any CPU = Release|Any CPU
	EndGlobalSection
	GlobalSection(ProjectConfigurationPlatforms) = postSolution
		{420DCE41-408B-4236-BB76-14369E0A40E5}.Debug|Any CPU.ActiveCfg = Debug|Any CPU
		{420DCE41-408B-4236-BB76-14369E0A40E5}.Debug|Any CPU.Build.0 = Debug|Any CPU
		{420DCE41-408B-4236-BB76-14369E0A40E5}.Release|Any CPU.ActiveCfg = Release|Any CPU
		{420DCE41-408B-4236-BB76-14369E0A40E5}.Release|Any CPU.Build.0 = Release|Any CPU
		{3D19A24F-3E50-4D27-9276-C6A1EE15B2BD}.Debug|Any CPU.ActiveCfg = Debug|Any CPU
		{3D19A24F-3E50-4D27-9276-C6A1EE15B2BD}.Debug|Any CPU.Build.0 = Debug|Any CPU
		{3D19A24F-3E50-4D27-9276-C6A1EE15B2BD}.Release|Any CPU.ActiveCfg = Release|Any CPU
		{3D19A24F-3E50-4D27-9276-C6A1EE15B2BD}.Release|Any CPU.Build.0 = Release|Any CPU
	EndGlobalSection
	GlobalSection(SolutionProperties) = preSolution
		HideSolutionNode = FALSE
	EndGlobalSection
	GlobalSection(ExtensibilityGlobals) = postSolution
		SolutionGuid = {064A9144-0476-4282-9F53-EFE66162B2E9}
	EndGlobalSection
EndGlobal
